
Microsoft Visual Studio Solution File, Format Version 12.00
# Visual Studio Version 16
VisualStudioVersion = 16.0.31112.23
MinimumVisualStudioVersion = 10.0.40219.1
Project("{8BC9CEB8-8B4A-11D0-8D11-00A0C91BC942}") = "MathLibrary2", "MathLibrary2\MathLibrary2.vcxproj", "{8B0A4B8A-8BA7-4775-93CA-8EB4EE984D3F}"
EndProject
Project("{8BC9CEB8-8B4A-11D0-8D11-00A0C91BC942}") = "MathClient", "MathClient\MathClient.vcxproj", "{660E168C-918A-40B2-9BB2-CAE8C52AD7AA}"
EndProject
Global
	GlobalSection(SolutionConfigurationPlatforms) = preSolution
		Debug|x64 = Debug|x64
		Debug|x86 = Debug|x86
		Release|x64 = Release|x64
		Release|x86 = Release|x86
	EndGlobalSection
	GlobalSection(ProjectConfigurationPlatforms) = postSolution
		{8B0A4B8A-8BA7-4775-93CA-8EB4EE984D3F}.Debug|x64.ActiveCfg = Debug|x64
		{8B0A4B8A-8BA7-4775-93CA-8EB4EE984D3F}.Debug|x64.Build.0 = Debug|x64
		{8B0A4B8A-8BA7-4775-93CA-8EB4EE984D3F}.Debug|x86.ActiveCfg = Debug|Win32
		{8B0A4B8A-8BA7-4775-93CA-8EB4EE984D3F}.Debug|x86.Build.0 = Debug|Win32
		{8B0A4B8A-8BA7-4775-93CA-8EB4EE984D3F}.Release|x64.ActiveCfg = Release|x64
		{8B0A4B8A-8BA7-4775-93CA-8EB4EE984D3F}.Release|x64.Build.0 = Release|x64
		{8B0A4B8A-8BA7-4775-93CA-8EB4EE984D3F}.Release|x86.ActiveCfg = Release|Win32
		{8B0A4B8A-8BA7-4775-93CA-8EB4EE984D3F}.Release|x86.Build.0 = Release|Win32
		{660E168C-918A-40B2-9BB2-CAE8C52AD7AA}.Debug|x64.ActiveCfg = Debug|x64
		{660E168C-918A-40B2-9BB2-CAE8C52AD7AA}.Debug|x64.Build.0 = Debug|x64
		{660E168C-918A-40B2-9BB2-CAE8C52AD7AA}.Debug|x86.ActiveCfg = Debug|Win32
		{660E168C-918A-40B2-9BB2-CAE8C52AD7AA}.Debug|x86.Build.0 = Debug|Win32
		{660E168C-918A-40B2-9BB2-CAE8C52AD7AA}.Release|x64.ActiveCfg = Release|x64
		{660E168C-918A-40B2-9BB2-CAE8C52AD7AA}.Release|x64.Build.0 = Release|x64
		{660E168C-918A-40B2-9BB2-CAE8C52AD7AA}.Release|x86.ActiveCfg = Release|Win32
		{660E168C-918A-40B2-9BB2-CAE8C52AD7AA}.Release|x86.Build.0 = Release|Win32
	EndGlobalSection
	GlobalSection(SolutionProperties) = preSolution
		HideSolutionNode = FALSE
	EndGlobalSection
	GlobalSection(ExtensibilityGlobals) = postSolution
		SolutionGuid = {851FF707-AC42-46F3-87DF-87D310167A94}
	EndGlobalSection
EndGlobal
